
Microsoft Visual Studio Solution File, Format Version 12.00
# Visual Studio Version 17
VisualStudioVersion = 17.10.35013.160
MinimumVisualStudioVersion = 10.0.40219.1
Project("{FAE04EC0-301F-11D3-BF4B-00C04F79EFBC}") = "IntegrativeProgramming_UI", "IntegrativeProgramming_UI\IntegrativeProgramming_UI.csproj", "{7834163F-5586-4BB5-A640-281C22339719}"
EndProject
Global
	GlobalSection(SolutionConfigurationPlatforms) = preSolution
		Debug|Any CPU = Debug|Any CPU
		Release|Any CPU = Release|Any CPU
	EndGlobalSection
	GlobalSection(ProjectConfigurationPlatforms) = postSolution
		{7834163F-5586-4BB5-A640-281C22339719}.Debug|Any CPU.ActiveCfg = Debug|Any CPU
		{7834163F-5586-4BB5-A640-281C22339719}.Debug|Any CPU.Build.0 = Debug|Any CPU
		{7834163F-5586-4BB5-A640-281C22339719}.Release|Any CPU.ActiveCfg = Release|Any CPU
		{7834163F-5586-4BB5-A640-281C22339719}.Release|Any CPU.Build.0 = Release|Any CPU
	EndGlobalSection
	GlobalSection(SolutionProperties) = preSolution
		HideSolutionNode = FALSE
	EndGlobalSection
	GlobalSection(ExtensibilityGlobals) = postSolution
		SolutionGuid = {F9A8819B-1DAD-4F22-9751-C2FFF396AB0D}
	EndGlobalSection
EndGlobal
